
Microsoft Visual Studio Solution File, Format Version 12.00
# Visual Studio Version 17
VisualStudioVersion = 17.14.37111.16
MinimumVisualStudioVersion = 10.0.40219.1
Project("{FAE04EC0-301F-11D3-BF4B-00C04F79EFBC}") = "PussyCatsApp", "PussyCatsApp.csproj", "{3D79338B-EF92-4BF6-BF0F-EBE61CFAB172}"
EndProject
Project("{FAE04EC0-301F-11D3-BF4B-00C04F79EFBC}") = "PussyCatsApp.Tests", "..\PussyCatsApp.Tests\PussyCatsApp.Tests.csproj", "{A30043CC-1958-413D-BF21-32891A70B315}"
EndProject
Global
	GlobalSection(SolutionConfigurationPlatforms) = preSolution
		Debug|ARM64 = Debug|ARM64
		Debug|x64 = Debug|x64
		Debug|x86 = Debug|x86
		Debug|Any CPU = Debug|Any CPU
		Release|ARM64 = Release|ARM64
		Release|x64 = Release|x64
		Release|x86 = Release|x86
		Release|Any CPU = Release|Any CPU
	EndGlobalSection
	GlobalSection(ProjectConfigurationPlatforms) = postSolution
		{3D79338B-EF92-4BF6-BF0F-EBE61CFAB172}.Debug|ARM64.ActiveCfg = Debug|ARM64
		{3D79338B-EF92-4BF6-BF0F-EBE61CFAB172}.Debug|ARM64.Build.0 = Debug|ARM64
		{3D79338B-EF92-4BF6-BF0F-EBE61CFAB172}.Debug|ARM64.Deploy.0 = Debug|ARM64
		{3D79338B-EF92-4BF6-BF0F-EBE61CFAB172}.Debug|x64.ActiveCfg = Debug|x64
		{3D79338B-EF92-4BF6-BF0F-EBE61CFAB172}.Debug|x64.Build.0 = Debug|x64
		{3D79338B-EF92-4BF6-BF0F-EBE61CFAB172}.Debug|x64.Deploy.0 = Debug|x64
		{3D79338B-EF92-4BF6-BF0F-EBE61CFAB172}.Debug|x86.ActiveCfg = Debug|x86
		{3D79338B-EF92-4BF6-BF0F-EBE61CFAB172}.Debug|x86.Build.0 = Debug|x86
		{3D79338B-EF92-4BF6-BF0F-EBE61CFAB172}.Debug|x86.Deploy.0 = Debug|x86
		{3D79338B-EF92-4BF6-BF0F-EBE61CFAB172}.Debug|Any CPU.ActiveCfg = Debug|Any CPU
		{3D79338B-EF92-4BF6-BF0F-EBE61CFAB172}.Debug|Any CPU.Build.0 = Debug|Any CPU
		{3D79338B-EF92-4BF6-BF0F-EBE61CFAB172}.Release|ARM64.ActiveCfg = Release|ARM64
		{3D79338B-EF92-4BF6-BF0F-EBE61CFAB172}.Release|ARM64.Build.0 = Release|ARM64
		{3D79338B-EF92-4BF6-BF0F-EBE61CFAB172}.Release|ARM64.Deploy.0 = Release|ARM64
		{3D79338B-EF92-4BF6-BF0F-EBE61CFAB172}.Release|x64.ActiveCfg = Release|x64
		{3D79338B-EF92-4BF6-BF0F-EBE61CFAB172}.Release|x64.Build.0 = Release|x64
		{3D79338B-EF92-4BF6-BF0F-EBE61CFAB172}.Release|x64.Deploy.0 = Release|x64
		{3D79338B-EF92-4BF6-BF0F-EBE61CFAB172}.Release|x86.ActiveCfg = Release|x86
		{3D79338B-EF92-4BF6-BF0F-EBE61CFAB172}.Release|x86.Build.0 = Release|x86
		{3D79338B-EF92-4BF6-BF0F-EBE61CFAB172}.Release|x86.Deploy.0 = Release|x86
		{3D79338B-EF92-4BF6-BF0F-EBE61CFAB172}.Release|Any CPU.ActiveCfg = Release|Any CPU
		{3D79338B-EF92-4BF6-BF0F-EBE61CFAB172}.Release|Any CPU.Build.0 = Release|Any CPU
		{A30043CC-1958-413D-BF21-32891A70B315}.Debug|ARM64.ActiveCfg = Debug|Any CPU
		{A30043CC-1958-413D-BF21-32891A70B315}.Debug|ARM64.Build.0 = Debug|Any CPU
		{A30043CC-1958-413D-BF21-32891A70B315}.Debug|x64.ActiveCfg = Debug|Any CPU
		{A30043CC-1958-413D-BF21-32891A70B315}.Debug|x64.Build.0 = Debug|Any CPU
		{A30043CC-1958-413D-BF21-32891A70B315}.Debug|x86.ActiveCfg = Debug|Any CPU
		{A30043CC-1958-413D-BF21-32891A70B315}.Debug|x86.Build.0 = Debug|Any CPU
		{A30043CC-1958-413D-BF21-32891A70B315}.Debug|Any CPU.ActiveCfg = Debug|Any CPU
		{A30043CC-1958-413D-BF21-32891A70B315}.Debug|Any CPU.Build.0 = Debug|Any CPU
		{A30043CC-1958-413D-BF21-32891A70B315}.Release|ARM64.ActiveCfg = Release|Any CPU
		{A30043CC-1958-413D-BF21-32891A70B315}.Release|ARM64.Build.0 = Release|Any CPU
		{A30043CC-1958-413D-BF21-32891A70B315}.Release|x64.ActiveCfg = Release|Any CPU
		{A30043CC-1958-413D-BF21-32891A70B315}.Release|x64.Build.0 = Release|Any CPU
		{A30043CC-1958-413D-BF21-32891A70B315}.Release|x86.ActiveCfg = Release|Any CPU
		{A30043CC-1958-413D-BF21-32891A70B315}.Release|x86.Build.0 = Release|Any CPU
		{A30043CC-1958-413D-BF21-32891A70B315}.Release|Any CPU.ActiveCfg = Release|Any CPU
		{A30043CC-1958-413D-BF21-32891A70B315}.Release|Any CPU.Build.0 = Release|Any CPU
	EndGlobalSection
	GlobalSection(SolutionProperties) = preSolution
		HideSolutionNode = FALSE
	EndGlobalSection
	GlobalSection(ExtensibilityGlobals) = postSolution
		SolutionGuid = {3681612E-6A2E-40BA-96B0-17FF357458FC}
	EndGlobalSection
EndGlobal
